
Microsoft Visual Studio Solution File, Format Version 12.00
# Visual Studio Version 17
VisualStudioVersion = 17.7.34009.444
MinimumVisualStudioVersion = 10.0.40219.1
Project("{9A19103F-16F7-4668-BE54-9A1E7A4F7556}") = "PocketNetworker", "PocketNetworker.csproj", "{847842A4-9D28-4D69-A323-47171B1DC949}"
EndProject
Project("{FAE04EC0-301F-11D3-BF4B-00C04F79EFBC}") = "PocketNetworker.Tests", "..\PocketNetworkerViewModelTests\PocketNetworker.Tests.csproj", "{DF5F996B-5C62-43A0-832C-156A93B2DA1F}"
EndProject
Global
	GlobalSection(SolutionConfigurationPlatforms) = preSolution
		Debug|Any CPU = Debug|Any CPU
		Release|Any CPU = Release|Any CPU
	EndGlobalSection
	GlobalSection(ProjectConfigurationPlatforms) = postSolution
		{847842A4-9D28-4D69-A323-47171B1DC949}.Debug|Any CPU.ActiveCfg = Debug|Any CPU
		{847842A4-9D28-4D69-A323-47171B1DC949}.Debug|Any CPU.Build.0 = Debug|Any CPU
		{847842A4-9D28-4D69-A323-47171B1DC949}.Debug|Any CPU.Deploy.0 = Debug|Any CPU
		{847842A4-9D28-4D69-A323-47171B1DC949}.Release|Any CPU.ActiveCfg = Release|Any CPU
		{847842A4-9D28-4D69-A323-47171B1DC949}.Release|Any CPU.Build.0 = Release|Any CPU
		{847842A4-9D28-4D69-A323-47171B1DC949}.Release|Any CPU.Deploy.0 = Release|Any CPU
		{DF5F996B-5C62-43A0-832C-156A93B2DA1F}.Debug|Any CPU.ActiveCfg = Debug|Any CPU
		{DF5F996B-5C62-43A0-832C-156A93B2DA1F}.Debug|Any CPU.Build.0 = Debug|Any CPU
		{DF5F996B-5C62-43A0-832C-156A93B2DA1F}.Release|Any CPU.ActiveCfg = Release|Any CPU
		{DF5F996B-5C62-43A0-832C-156A93B2DA1F}.Release|Any CPU.Build.0 = Release|Any CPU
	EndGlobalSection
	GlobalSection(SolutionProperties) = preSolution
		HideSolutionNode = FALSE
	EndGlobalSection
	GlobalSection(ExtensibilityGlobals) = postSolution
		SolutionGuid = {0B1F2B9F-989C-4A84-8396-0E4366119F9D}
	EndGlobalSection
EndGlobal
